
Microsoft Visual Studio Solution File, Format Version 12.00
# Visual Studio Version 17
VisualStudioVersion = 17.12.35707.178 d17.12
MinimumVisualStudioVersion = 10.0.40219.1
Project("{FAE04EC0-301F-11D3-BF4B-00C04F79EFBC}") = "JobSearchPortalAPI", "JobSearchPortalAPI.csproj", "{2F88B861-68F4-4E48-B1EB-F1A45D69DBB3}"
EndProject
Global
	GlobalSection(SolutionConfigurationPlatforms) = preSolution
		Debug|Any CPU = Debug|Any CPU
		Release|Any CPU = Release|Any CPU
	EndGlobalSection
	GlobalSection(ProjectConfigurationPlatforms) = postSolution
		{2F88B861-68F4-4E48-B1EB-F1A45D69DBB3}.Debug|Any CPU.ActiveCfg = Debug|Any CPU
		{2F88B861-68F4-4E48-B1EB-F1A45D69DBB3}.Debug|Any CPU.Build.0 = Debug|Any CPU
		{2F88B861-68F4-4E48-B1EB-F1A45D69DBB3}.Release|Any CPU.ActiveCfg = Release|Any CPU
		{2F88B861-68F4-4E48-B1EB-F1A45D69DBB3}.Release|Any CPU.Build.0 = Release|Any CPU
	EndGlobalSection
	GlobalSection(SolutionProperties) = preSolution
		HideSolutionNode = FALSE
	EndGlobalSection
EndGlobal
